
Microsoft Visual Studio Solution File, Format Version 12.00
# Visual Studio 2013
VisualStudioVersion = 12.0.30501.0
MinimumVisualStudioVersion = 10.0.40219.1
Project("{FAE04EC0-301F-11D3-BF4B-00C04F79EFBC}") = "UntitledChatApp", "UntitledChatApp\UntitledChatApp.csproj", "{5BB1DAB6-287A-46B3-9764-6A4C43B8C41A}"
EndProject
Project("{2150E333-8FDC-42A3-9474-1A3956D46DE8}") = "PublishScripts", "PublishScripts", "{C63C7767-7E82-47AB-A269-6A9BD3B69C3B}"
	ProjectSection(SolutionItems) = preProject
		PublishScripts\AzureWebsitePublishModule.psm1 = PublishScripts\AzureWebsitePublishModule.psm1
		PublishScripts\Publish-WebApplicationWebsite.ps1 = PublishScripts\Publish-WebApplicationWebsite.ps1
	EndProjectSection
EndProject
Project("{2150E333-8FDC-42A3-9474-1A3956D46DE8}") = "Configurations", "Configurations", "{37C3E636-B24A-4D9C-94FC-F40FE17CF6A6}"
	ProjectSection(SolutionItems) = preProject
		PublishScripts\Configurations\UntitledChatApp-WAWS-dev.json = PublishScripts\Configurations\UntitledChatApp-WAWS-dev.json
	EndProjectSection
EndProject
Global
	GlobalSection(SolutionConfigurationPlatforms) = preSolution
		Debug|Any CPU = Debug|Any CPU
		Release|Any CPU = Release|Any CPU
	EndGlobalSection
	GlobalSection(ProjectConfigurationPlatforms) = postSolution
		{5BB1DAB6-287A-46B3-9764-6A4C43B8C41A}.Debug|Any CPU.ActiveCfg = Debug|Any CPU
		{5BB1DAB6-287A-46B3-9764-6A4C43B8C41A}.Debug|Any CPU.Build.0 = Debug|Any CPU
		{5BB1DAB6-287A-46B3-9764-6A4C43B8C41A}.Release|Any CPU.ActiveCfg = Release|Any CPU
		{5BB1DAB6-287A-46B3-9764-6A4C43B8C41A}.Release|Any CPU.Build.0 = Release|Any CPU
	EndGlobalSection
	GlobalSection(SolutionProperties) = preSolution
		HideSolutionNode = FALSE
	EndGlobalSection
	GlobalSection(NestedProjects) = preSolution
		{37C3E636-B24A-4D9C-94FC-F40FE17CF6A6} = {C63C7767-7E82-47AB-A269-6A9BD3B69C3B}
	EndGlobalSection
EndGlobal
